
Microsoft Visual Studio Solution File, Format Version 12.00
# Visual Studio 2013
VisualStudioVersion = 12.0.21005.1
MinimumVisualStudioVersion = 10.0.40219.1
Project("{FAE04EC0-301F-11D3-BF4B-00C04F79EFBC}") = "01.NestedLoops", "NestedLoops\01.NestedLoops.csproj", "{D450B9AE-D89B-4C17-B32F-A908C954E01E}"
EndProject
Project("{FAE04EC0-301F-11D3-BF4B-00C04F79EFBC}") = "02.CombinationsWithDuplicates", "CombinationsWithDuplicates\02.CombinationsWithDuplicates.csproj", "{33F2DD4F-4A0F-46BC-830F-851E9C95CBC7}"
EndProject
Project("{FAE04EC0-301F-11D3-BF4B-00C04F79EFBC}") = "03.CombinationsWithoutDuplicates", "CombinationsWithoutDuplicates\03.CombinationsWithoutDuplicates.csproj", "{D276E978-EB08-47E2-804D-392FDAC6CEF1}"
EndProject
Project("{FAE04EC0-301F-11D3-BF4B-00C04F79EFBC}") = "04.PermutationsOfN", "PermutationsOfN\04.PermutationsOfN.csproj", "{57F09E3B-B4B5-464A-BAA3-869D0DCC2979}"
EndProject
Project("{FAE04EC0-301F-11D3-BF4B-00C04F79EFBC}") = "05.OrderedSubsets", "OrderedSubsets\05.OrderedSubsets.csproj", "{FE299C5E-F469-49E2-9E66-B245790BB49F}"
EndProject
Project("{FAE04EC0-301F-11D3-BF4B-00C04F79EFBC}") = "06.SubsetsOfStrings", "SubsetsOfStrings\06.SubsetsOfStrings.csproj", "{C07CB4B8-0EA1-4766-9978-D6F63DC0C224}"
EndProject
Project("{FAE04EC0-301F-11D3-BF4B-00C04F79EFBC}") = "07.PathsBetweenCells", "PathsBetweenCells\07.PathsBetweenCells.csproj", "{FB29FE1C-F493-4D50-BFAF-EABE6BED0FFE}"
EndProject
Project("{FAE04EC0-301F-11D3-BF4B-00C04F79EFBC}") = "08.DoesPathExists", "DoesPathExists\08.DoesPathExists.csproj", "{1CE5A242-DED9-4376-8EFC-EEB1C9438B7F}"
EndProject
Project("{FAE04EC0-301F-11D3-BF4B-00C04F79EFBC}") = "09.LargestArea", "LargestArea\09.LargestArea.csproj", "{8C558D5F-1204-491B-B21E-7C5609CD925B}"
EndProject
Project("{FAE04EC0-301F-11D3-BF4B-00C04F79EFBC}") = "10.PassableCells", "PassableCells\10.PassableCells.csproj", "{B735FC43-C832-4A4C-AAFB-9B9E10920C49}"
EndProject
Project("{FAE04EC0-301F-11D3-BF4B-00C04F79EFBC}") = "11.PermutationsOfMultiset", "PermutationsOfMultiset\11.PermutationsOfMultiset.csproj", "{233DD5FF-D0CE-4A5A-9C78-13C4B3BD33C2}"
EndProject
Global
	GlobalSection(SolutionConfigurationPlatforms) = preSolution
		Debug|Any CPU = Debug|Any CPU
		Release|Any CPU = Release|Any CPU
	EndGlobalSection
	GlobalSection(ProjectConfigurationPlatforms) = postSolution
		{D450B9AE-D89B-4C17-B32F-A908C954E01E}.Debug|Any CPU.ActiveCfg = Debug|Any CPU
		{D450B9AE-D89B-4C17-B32F-A908C954E01E}.Debug|Any CPU.Build.0 = Debug|Any CPU
		{D450B9AE-D89B-4C17-B32F-A908C954E01E}.Release|Any CPU.ActiveCfg = Release|Any CPU
		{D450B9AE-D89B-4C17-B32F-A908C954E01E}.Release|Any CPU.Build.0 = Release|Any CPU
		{33F2DD4F-4A0F-46BC-830F-851E9C95CBC7}.Debug|Any CPU.ActiveCfg = Debug|Any CPU
		{33F2DD4F-4A0F-46BC-830F-851E9C95CBC7}.Debug|Any CPU.Build.0 = Debug|Any CPU
		{33F2DD4F-4A0F-46BC-830F-851E9C95CBC7}.Release|Any CPU.ActiveCfg = Release|Any CPU
		{33F2DD4F-4A0F-46BC-830F-851E9C95CBC7}.Release|Any CPU.Build.0 = Release|Any CPU
		{D276E978-EB08-47E2-804D-392FDAC6CEF1}.Debug|Any CPU.ActiveCfg = Debug|Any CPU
		{D276E978-EB08-47E2-804D-392FDAC6CEF1}.Debug|Any CPU.Build.0 = Debug|Any CPU
		{D276E978-EB08-47E2-804D-392FDAC6CEF1}.Release|Any CPU.ActiveCfg = Release|Any CPU
		{D276E978-EB08-47E2-804D-392FDAC6CEF1}.Release|Any CPU.Build.0 = Release|Any CPU
		{57F09E3B-B4B5-464A-BAA3-869D0DCC2979}.Debug|Any CPU.ActiveCfg = Debug|Any CPU
		{57F09E3B-B4B5-464A-BAA3-869D0DCC2979}.Debug|Any CPU.Build.0 = Debug|Any CPU
		{57F09E3B-B4B5-464A-BAA3-869D0DCC2979}.Release|Any CPU.ActiveCfg = Release|Any CPU
		{57F09E3B-B4B5-464A-BAA3-869D0DCC2979}.Release|Any CPU.Build.0 = Release|Any CPU
		{FE299C5E-F469-49E2-9E66-B245790BB49F}.Debug|Any CPU.ActiveCfg = Debug|Any CPU
		{FE299C5E-F469-49E2-9E66-B245790BB49F}.Debug|Any CPU.Build.0 = Debug|Any CPU
		{FE299C5E-F469-49E2-9E66-B245790BB49F}.Release|Any CPU.ActiveCfg = Release|Any CPU
		{FE299C5E-F469-49E2-9E66-B245790BB49F}.Release|Any CPU.Build.0 = Release|Any CPU
		{C07CB4B8-0EA1-4766-9978-D6F63DC0C224}.Debug|Any CPU.ActiveCfg = Debug|Any CPU
		{C07CB4B8-0EA1-4766-9978-D6F63DC0C224}.Debug|Any CPU.Build.0 = Debug|Any CPU
		{C07CB4B8-0EA1-4766-9978-D6F63DC0C224}.Release|Any CPU.ActiveCfg = Release|Any CPU
		{C07CB4B8-0EA1-4766-9978-D6F63DC0C224}.Release|Any CPU.Build.0 = Release|Any CPU
		{FB29FE1C-F493-4D50-BFAF-EABE6BED0FFE}.Debug|Any CPU.ActiveCfg = Debug|Any CPU
		{FB29FE1C-F493-4D50-BFAF-EABE6BED0FFE}.Debug|Any CPU.Build.0 = Debug|Any CPU
		{FB29FE1C-F493-4D50-BFAF-EABE6BED0FFE}.Release|Any CPU.ActiveCfg = Release|Any CPU
		{FB29FE1C-F493-4D50-BFAF-EABE6BED0FFE}.Release|Any CPU.Build.0 = Release|Any CPU
		{1CE5A242-DED9-4376-8EFC-EEB1C9438B7F}.Debug|Any CPU.ActiveCfg = Debug|Any CPU
		{1CE5A242-DED9-4376-8EFC-EEB1C9438B7F}.Debug|Any CPU.Build.0 = Debug|Any CPU
		{1CE5A242-DED9-4376-8EFC-EEB1C9438B7F}.Release|Any CPU.ActiveCfg = Release|Any CPU
		{1CE5A242-DED9-4376-8EFC-EEB1C9438B7F}.Release|Any CPU.Build.0 = Release|Any CPU
		{8C558D5F-1204-491B-B21E-7C5609CD925B}.Debug|Any CPU.ActiveCfg = Debug|Any CPU
		{8C558D5F-1204-491B-B21E-7C5609CD925B}.Debug|Any CPU.Build.0 = Debug|Any CPU
		{8C558D5F-1204-491B-B21E-7C5609CD925B}.Release|Any CPU.ActiveCfg = Release|Any CPU
		{8C558D5F-1204-491B-B21E-7C5609CD925B}.Release|Any CPU.Build.0 = Release|Any CPU
		{B735FC43-C832-4A4C-AAFB-9B9E10920C49}.Debug|Any CPU.ActiveCfg = Debug|Any CPU
		{B735FC43-C832-4A4C-AAFB-9B9E10920C49}.Debug|Any CPU.Build.0 = Debug|Any CPU
		{B735FC43-C832-4A4C-AAFB-9B9E10920C49}.Release|Any CPU.ActiveCfg = Release|Any CPU
		{B735FC43-C832-4A4C-AAFB-9B9E10920C49}.Release|Any CPU.Build.0 = Release|Any CPU
		{233DD5FF-D0CE-4A5A-9C78-13C4B3BD33C2}.Debug|Any CPU.ActiveCfg = Debug|Any CPU
		{233DD5FF-D0CE-4A5A-9C78-13C4B3BD33C2}.Debug|Any CPU.Build.0 = Debug|Any CPU
		{233DD5FF-D0CE-4A5A-9C78-13C4B3BD33C2}.Release|Any CPU.ActiveCfg = Release|Any CPU
		{233DD5FF-D0CE-4A5A-9C78-13C4B3BD33C2}.Release|Any CPU.Build.0 = Release|Any CPU
	EndGlobalSection
	GlobalSection(SolutionProperties) = preSolution
		HideSolutionNode = FALSE
	EndGlobalSection
EndGlobal
